github.com/rssllyn/thirdlevel v0.0.0-20200929082752-904215782031 h1:z+v6MoxeTXkvK8HPFV4pNKvCNaIya3GOJ0I1IHchJTk=
github.com/rssllyn/thirdlevel v0.0.0-20200929082752-904215782031/go.mod h1:Pgd+SRQ5A9K09wQLybKBNvkwmu+bWoHqSfGCtXnmBrg=
github.com/rssllyn/thirdlevel v0.0.0-20200929083908-277b0c808252 h1:dySQ9y+j+xzAL2SNHzyWauM5zVkpj0mHGmkqoGsyz+o=
github.com/rssllyn/thirdlevel v0.0.0-20200929083908-277b0c808252/go.mod h1:Pgd+SRQ5A9K09wQLybKBNvkwmu+bWoHqSfGCtXnmBrg=
